schema: '2.0'
stages:
  data_ingestion:
    cmd: python src/data_ingestion.py
    deps:
    - path: src/data_ingestion.py
      hash: md5
      md5: 3b548e066891b8f4c3bd4c617ce3604a
      size: 3638
    params:
      params.yaml:
        data_ingestion.test_size: 0.21
    outs:
    - path: data/raw
      hash: md5
      md5: 4f8ed12448f912122e61579897c4099f.dir
      size: 484846
      nfiles: 2
  data_preprocessing:
    cmd: python src/data_preprocessing.py
    deps:
    - path: data/raw
      hash: md5
      md5: 4f8ed12448f912122e61579897c4099f.dir
      size: 484846
      nfiles: 2
    - path: src/data_preprocessing.py
      hash: md5
      md5: ae0059b79590609927f72e3c373f1865
      size: 3973
    outs:
    - path: data/interim
      hash: md5
      md5: b4f97c417a52c607b4a413bdef8e0da1.dir
      size: 260499
      nfiles: 2
  feature_engineering:
    cmd: python src/feature_engineering.py
    deps:
    - path: data/interim
      hash: md5
      md5: b4f97c417a52c607b4a413bdef8e0da1.dir
      size: 260499
      nfiles: 2
    - path: src/feature_engineering.py
      hash: md5
      md5: 9000c4cbafcaca3464664391d46659d2
      size: 3909
    params:
      params.yaml:
        feature_engineering.max_features: 33
    outs:
    - path: data/processed
      hash: md5
      md5: 89ede5d9e473f199a32dd790589e5bc7.dir
      size: 789311
      nfiles: 2
  model_building:
    cmd: python src/model_building.py
    deps:
    - path: data/processed
      hash: md5
      md5: 89ede5d9e473f199a32dd790589e5bc7.dir
      size: 789311
      nfiles: 2
    - path: src/model_building.py
      hash: md5
      md5: b791dd5adad5a53390679756c1dbeb80
      size: 4481
    params:
      params.yaml:
        model_building.n_estimators: 22
        model_building.random_state: 2
    outs:
    - path: models/model.pkl
      hash: md5
      md5: 40838d208e97e2babb13de0072c58e44
      size: 699027
  model_evaluation:
    cmd: python src/model_evaluation.py
    deps:
    - path: models/model.pkl
      hash: md5
      md5: 7855bae9823aec7273850295828b2fd6
      size: 627649
    - path: src/model_evaluation.py
      hash: md5
      md5: 1fe3525c6a3952c6b7ee9a452ef45419
      size: 4685
    outs:
    - path: reports/metrics.json
      hash: md5
      md5: 2109de7c580bdad1c8e7feeaf2826045
      size: 144
